
Microsoft Visual Studio Solution File, Format Version 9.00
# Visual Web Developer Express 2005
Project("{E24C65DC-7377-472B-9ABA-BC803B73C61A}") = "c:\...\sample", ".", "{8A91EDAD-3064-444A-A16E-42BCD1D2BCC4}"
	ProjectSection(WebsiteProperties) = preProject
		Debug.AspNetCompiler.VirtualPath = "/recaptcha/sample/"
		Debug.AspNetCompiler.PhysicalPath = "."
		Debug.AspNetCompiler.TargetPath = "PrecompiledWeb\"
		Debug.AspNetCompiler.Updateable = "true"
		Debug.AspNetCompiler.ForceOverwrite = "true"
		Debug.AspNetCompiler.FixedNames = "false"
		Debug.AspNetCompiler.Debug = "True"
		Release.AspNetCompiler.VirtualPath = "/recaptcha/sample/"
		Release.AspNetCompiler.PhysicalPath = "."
		Release.AspNetCompiler.TargetPath = "PrecompiledWeb\"
		Release.AspNetCompiler.Updateable = "true"
		Release.AspNetCompiler.ForceOverwrite = "true"
		Release.AspNetCompiler.FixedNames = "false"
		Release.AspNetCompiler.Debug = "False"
		VWDPort = "3358"
		DefaultWebSiteLanguage = "Visual Basic"
	EndProjectSection
EndProject
Global
	GlobalSection(SolutionConfigurationPlatforms) = preSolution
		Debug|.NET = Debug|.NET
	EndGlobalSection
	GlobalSection(ProjectConfigurationPlatforms) = postSolution
		{8A91EDAD-3064-444A-A16E-42BCD1D2BCC4}.Debug|.NET.ActiveCfg = Debug|.NET
		{8A91EDAD-3064-444A-A16E-42BCD1D2BCC4}.Debug|.NET.Build.0 = Debug|.NET
	EndGlobalSection
	GlobalSection(SolutionProperties) = preSolution
		HideSolutionNode = FALSE
	EndGlobalSection
EndGlobal
